
Microsoft Visual Studio Solution File, Format Version 12.00
# Visual Studio Version 17
VisualStudioVersion = 17.12.35707.178 d17.12
MinimumVisualStudioVersion = 10.0.40219.1
Project("{00D1A9C2-B5F0-4AF3-8072-F6C62B433612}") = "BookMyMovie.Movies", "BookMyMovie.Movies\BookMyMovie.Movies.sqlproj", "{0756DD4F-FAF8-4924-B7AE-C959E66AFA37}"
EndProject
Project("{2150E333-8FDC-42A3-9474-1A3956D46DE8}") = "Database", "Database", "{0CAE2DB6-DCF3-4196-9E32-06649A08E4F5}"
EndProject
Project("{2150E333-8FDC-42A3-9474-1A3956D46DE8}") = "TenantManagement", "TenantManagement", "{C4274C89-58DE-4F26-B8B4-54F3128C2F5D}"
EndProject
Project("{2150E333-8FDC-42A3-9474-1A3956D46DE8}") = "Backend", "Backend", "{B78AFBCC-A83E-41FF-8503-3CE5D6FD8432}"
EndProject
Project("{2150E333-8FDC-42A3-9474-1A3956D46DE8}") = "Frontend", "Frontend", "{F7A32D46-BEAF-45E7-877C-83A81A64D718}"
EndProject
Project("{2150E333-8FDC-42A3-9474-1A3956D46DE8}") = "src", "src", "{7BDABDE1-4014-44C5-A119-8AD225CA86F3}"
EndProject
Project("{FAE04EC0-301F-11D3-BF4B-00C04F79EFBC}") = "BookMyMovie.TenantMgmt.API", "BookMyMovie.TenantMgmt.API\BookMyMovie.TenantMgmt.API.csproj", "{FE428517-DB05-42E2-B6ED-A117BF20025E}"
EndProject
Global
	GlobalSection(SolutionConfigurationPlatforms) = preSolution
		Debug|Any CPU = Debug|Any CPU
		Release|Any CPU = Release|Any CPU
	EndGlobalSection
	GlobalSection(ProjectConfigurationPlatforms) = postSolution
		{0756DD4F-FAF8-4924-B7AE-C959E66AFA37}.Debug|Any CPU.ActiveCfg = Debug|Any CPU
		{0756DD4F-FAF8-4924-B7AE-C959E66AFA37}.Debug|Any CPU.Build.0 = Debug|Any CPU
		{0756DD4F-FAF8-4924-B7AE-C959E66AFA37}.Debug|Any CPU.Deploy.0 = Debug|Any CPU
		{0756DD4F-FAF8-4924-B7AE-C959E66AFA37}.Release|Any CPU.ActiveCfg = Release|Any CPU
		{0756DD4F-FAF8-4924-B7AE-C959E66AFA37}.Release|Any CPU.Build.0 = Release|Any CPU
		{0756DD4F-FAF8-4924-B7AE-C959E66AFA37}.Release|Any CPU.Deploy.0 = Release|Any CPU
		{FE428517-DB05-42E2-B6ED-A117BF20025E}.Debug|Any CPU.ActiveCfg = Debug|Any CPU
		{FE428517-DB05-42E2-B6ED-A117BF20025E}.Debug|Any CPU.Build.0 = Debug|Any CPU
		{FE428517-DB05-42E2-B6ED-A117BF20025E}.Release|Any CPU.ActiveCfg = Release|Any CPU
		{FE428517-DB05-42E2-B6ED-A117BF20025E}.Release|Any CPU.Build.0 = Release|Any CPU
	EndGlobalSection
	GlobalSection(SolutionProperties) = preSolution
		HideSolutionNode = FALSE
	EndGlobalSection
	GlobalSection(NestedProjects) = preSolution
		{0756DD4F-FAF8-4924-B7AE-C959E66AFA37} = {0CAE2DB6-DCF3-4196-9E32-06649A08E4F5}
		{0CAE2DB6-DCF3-4196-9E32-06649A08E4F5} = {C4274C89-58DE-4F26-B8B4-54F3128C2F5D}
		{B78AFBCC-A83E-41FF-8503-3CE5D6FD8432} = {C4274C89-58DE-4F26-B8B4-54F3128C2F5D}
		{F7A32D46-BEAF-45E7-877C-83A81A64D718} = {C4274C89-58DE-4F26-B8B4-54F3128C2F5D}
		{7BDABDE1-4014-44C5-A119-8AD225CA86F3} = {B78AFBCC-A83E-41FF-8503-3CE5D6FD8432}
		{FE428517-DB05-42E2-B6ED-A117BF20025E} = {7BDABDE1-4014-44C5-A119-8AD225CA86F3}
	EndGlobalSection
EndGlobal
